
Microsoft Visual Studio Solution File, Format Version 12.00
# Visual Studio Version 16
VisualStudioVersion = 16.0.31321.278
MinimumVisualStudioVersion = 10.0.40219.1
Project("{8BC9CEB8-8B4A-11D0-8D11-00A0C91BC942}") = "类和对象上", "类和对象上\类和对象上.vcxproj", "{CE1CA724-CD5D-40DE-AD31-EC369B7C2289}"
EndProject
Global
	GlobalSection(SolutionConfigurationPlatforms) = preSolution
		Debug|x64 = Debug|x64
		Debug|x86 = Debug|x86
		Release|x64 = Release|x64
		Release|x86 = Release|x86
	EndGlobalSection
	GlobalSection(ProjectConfigurationPlatforms) = postSolution
		{CE1CA724-CD5D-40DE-AD31-EC369B7C2289}.Debug|x64.ActiveCfg = Debug|x64
		{CE1CA724-CD5D-40DE-AD31-EC369B7C2289}.Debug|x64.Build.0 = Debug|x64
		{CE1CA724-CD5D-40DE-AD31-EC369B7C2289}.Debug|x86.ActiveCfg = Debug|Win32
		{CE1CA724-CD5D-40DE-AD31-EC369B7C2289}.Debug|x86.Build.0 = Debug|Win32
		{CE1CA724-CD5D-40DE-AD31-EC369B7C2289}.Release|x64.ActiveCfg = Release|x64
		{CE1CA724-CD5D-40DE-AD31-EC369B7C2289}.Release|x64.Build.0 = Release|x64
		{CE1CA724-CD5D-40DE-AD31-EC369B7C2289}.Release|x86.ActiveCfg = Release|Win32
		{CE1CA724-CD5D-40DE-AD31-EC369B7C2289}.Release|x86.Build.0 = Release|Win32
	EndGlobalSection
	GlobalSection(SolutionProperties) = preSolution
		HideSolutionNode = FALSE
	EndGlobalSection
	GlobalSection(ExtensibilityGlobals) = postSolution
		SolutionGuid = {C791B7E1-FC8C-4F1D-A75A-2263EAB6574F}
	EndGlobalSection
EndGlobal
